<?xml version="1.0" encoding="utf-8"?>
<Project ToolsVersion="4.0" xmlns="http://schemas.microsoft.com/developer/msbuild/2003">
  <ItemGroup>
    <ClCompile Include="Actor.cpp">
      <Filter>Archivos de origen\actores</Filter>
    </ClCompile>
    <ClCompile Include="Background.cpp">
      <Filter>Archivos de origen\actores</Filter>
    </ClCompile>
    <ClCompile Include="Door.cpp">
      <Filter>Archivos de origen\actores</Filter>
    </ClCompile>
    <ClCompile Include="Enemy.cpp">
      <Filter>Archivos de origen\actores</Filter>
    </ClCompile>
    <ClCompile Include="Player.cpp">
      <Filter>Archivos de origen\actores</Filter>
    </ClCompile>
    <ClCompile Include="Projectile.cpp">
      <Filter>Archivos de origen\actores</Filter>
    </ClCompile>
    <ClCompile Include="Save.cpp">
      <Filter>Archivos de origen\actores</Filter>
    </ClCompile>
    <ClCompile Include="Text.cpp">
      <Filter>Archivos de origen\actores</Filter>
    </ClCompile>
    <ClCompile Include="Tile.cpp">
      <Filter>Archivos de origen\actores</Filter>
    </ClCompile>
    <ClCompile Include="TileDestruible.cpp">
      <Filter>Archivos de origen\actores</Filter>
    </ClCompile>
    <ClCompile Include="GameLayer.cpp">
      <Filter>Archivos de origen\layers</Filter>
    </ClCompile>
    <ClCompile Include="Layer.cpp">
      <Filter>Archivos de origen\layers</Filter>
    </ClCompile>
    <ClCompile Include="Main.cpp">
      <Filter>Archivos de origen</Filter>
    </ClCompile>
    <ClCompile Include="Game.cpp">
      <Filter>Archivos de origen</Filter>
    </ClCompile>
    <ClCompile Include="Animation.cpp">
      <Filter>Archivos de origen</Filter>
    </ClCompile>
    <ClCompile Include="Audio.cpp">
      <Filter>Archivos de origen\actores</Filter>
    </ClCompile>
    <ClCompile Include="Space.cpp">
      <Filter>Archivos de origen</Filter>
    </ClCompile>
  </ItemGroup>
  <ItemGroup>
    <ClInclude Include="GameLayer.h">
      <Filter>Archivos de encabezado\layers</Filter>
    </ClInclude>
    <ClInclude Include="Layer.h">
      <Filter>Archivos de encabezado\layers</Filter>
    </ClInclude>
    <ClInclude Include="Animation.h">
      <Filter>Archivos de encabezado</Filter>
    </ClInclude>
    <ClInclude Include="Actor.h">
      <Filter>Archivos de encabezado\actores</Filter>
    </ClInclude>
    <ClInclude Include="Audio.h">
      <Filter>Archivos de encabezado\actores</Filter>
    </ClInclude>
    <ClInclude Include="Background.h">
      <Filter>Archivos de encabezado\actores</Filter>
    </ClInclude>
    <ClInclude Include="Door.h">
      <Filter>Archivos de encabezado\actores</Filter>
    </ClInclude>
    <ClInclude Include="Enemy.h">
      <Filter>Archivos de encabezado\actores</Filter>
    </ClInclude>
    <ClInclude Include="Game.h">
      <Filter>Archivos de encabezado</Filter>
    </ClInclude>
    <ClInclude Include="Player.h">
      <Filter>Archivos de encabezado\actores</Filter>
    </ClInclude>
    <ClInclude Include="Projectile.h">
      <Filter>Archivos de encabezado\actores</Filter>
    </ClInclude>
    <ClInclude Include="Save.h">
      <Filter>Archivos de encabezado\actores</Filter>
    </ClInclude>
    <ClInclude Include="Text.h">
      <Filter>Archivos de encabezado\actores</Filter>
    </ClInclude>
    <ClInclude Include="Tile.h">
      <Filter>Archivos de encabezado\actores</Filter>
    </ClInclude>
    <ClInclude Include="TileDestruible.h">
      <Filter>Archivos de encabezado\actores</Filter>
    </ClInclude>
    <ClInclude Include="Space.h">
      <Filter>Archivos de encabezado</Filter>
    </ClInclude>
  </ItemGroup>
  <ItemGroup>
    <Filter Include="Archivos de encabezado">
      <UniqueIdentifier>{b226c163-c9da-4c78-b37c-e4e47fccd258}</UniqueIdentifier>
    </Filter>
    <Filter Include="Archivos de origen">
      <UniqueIdentifier>{abceed13-7ea5-4f5f-af43-ece50660775e}</UniqueIdentifier>
    </Filter>
    <Filter Include="Archivos de encabezado\actores">
      <UniqueIdentifier>{e040838f-b116-48c7-b2a4-414c1bae8a35}</UniqueIdentifier>
    </Filter>
    <Filter Include="Archivos de origen\actores">
      <UniqueIdentifier>{2eb0e135-9615-4c5e-881f-4d77363ded66}</UniqueIdentifier>
    </Filter>
    <Filter Include="Archivos de origen\layers">
      <UniqueIdentifier>{715a499b-8238-40f2-b00d-ca5caa6d3842}</UniqueIdentifier>
    </Filter>
    <Filter Include="Archivos de encabezado\layers">
      <UniqueIdentifier>{f7b88748-491b-4ef7-9e27-e4edde13ae81}</UniqueIdentifier>
    </Filter>
  </ItemGroup>
</Project>